
Microsoft Visual Studio Solution File, Format Version 12.00
# Visual Studio Version 17
VisualStudioVersion = 17.8.34330.188
MinimumVisualStudioVersion = 10.0.40219.1
Project("{FAE04EC0-301F-11D3-BF4B-00C04F79EFBC}") = "DreamRend", "DreamRend.csproj", "{FDEBADED-EE71-4219-BB15-4713EA9201A1}"
EndProject
Global
	GlobalSection(SolutionConfigurationPlatforms) = preSolution
		Debug|Any CPU = Debug|Any CPU
		Release|Any CPU = Release|Any CPU
	EndGlobalSection
	GlobalSection(ProjectConfigurationPlatforms) = postSolution
		{FDEBADED-EE71-4219-BB15-4713EA9201A1}.Debug|Any CPU.ActiveCfg = Debug|Any CPU
		{FDEBADED-EE71-4219-BB15-4713EA9201A1}.Debug|Any CPU.Build.0 = Debug|Any CPU
		{FDEBADED-EE71-4219-BB15-4713EA9201A1}.Release|Any CPU.ActiveCfg = Release|Any CPU
		{FDEBADED-EE71-4219-BB15-4713EA9201A1}.Release|Any CPU.Build.0 = Release|Any CPU
	EndGlobalSection
	GlobalSection(SolutionProperties) = preSolution
		HideSolutionNode = FALSE
	EndGlobalSection
	GlobalSection(ExtensibilityGlobals) = postSolution
		SolutionGuid = {53114540-EE74-41E5-9618-62061F69EB18}
	EndGlobalSection
EndGlobal
